
Microsoft Visual Studio Solution File, Format Version 12.00
# Visual Studio Version 16
VisualStudioVersion = 16.0.29721.120
MinimumVisualStudioVersion = 15.0.26124.0
Project("{2150E333-8FDC-42A3-9474-1A3956D46DE8}") = "Fonts", "Fonts", "{0D602ED4-52C0-47BC-B95E-DEEF3B04A529}"
	ProjectSection(SolutionItems) = preProject
		Fonts\simsun.ttf = Fonts\simsun.ttf
	EndProjectSection
EndProject
Project("{FAE04EC0-301F-11D3-BF4B-00C04F79EFBC}") = "MonoGame.IMEHelper.Android", "MonoGame.IMEHelper.Android\MonoGame.IMEHelper.Android.csproj", "{4BABFCC4-C139-42C6-AE08-CF441575830C}"
EndProject
Project("{FAE04EC0-301F-11D3-BF4B-00C04F79EFBC}") = "MonoGame.IMEHelper.Android.Test", "MonoGame.IMEHelper.Android.Test\MonoGame.IMEHelper.Android.Test.csproj", "{410C0262-131C-4D0E-910D-D01B4F7143E0}"
EndProject
Project("{FAE04EC0-301F-11D3-BF4B-00C04F79EFBC}") = "MonoGame.IMEHelper.iOS", "MonoGame.IMEHelper.iOS\MonoGame.IMEHelper.iOS.csproj", "{74DD5D92-4F34-492D-9E99-B18439CC2966}"
EndProject
Project("{FAE04EC0-301F-11D3-BF4B-00C04F79EFBC}") = "MonoGame.IMEHelper.iOS.Test", "MonoGame.IMEHelper.iOS.Test\MonoGame.IMEHelper.iOS.Test.csproj", "{F0828DE1-FA02-4D08-B90A-950E0B354E2A}"
EndProject
Project("{9A19103F-16F7-4668-BE54-9A1E7A4F7556}") = "MonoGame.IMEHelper.DesktopGL", "MonoGame.IMEHelper.DesktopGL\MonoGame.IMEHelper.DesktopGL.csproj", "{D7D75CFF-76E4-4D90-99D2-ECEBF57C49BF}"
EndProject
Project("{9A19103F-16F7-4668-BE54-9A1E7A4F7556}") = "MonoGame.IMEHelper.DesktopGL.Test", "MonoGame.IMEHelper.DesktopGL.Test\MonoGame.IMEHelper.DesktopGL.Test.csproj", "{36F1BB39-7A83-4B17-9E3D-0F1AA1E3E55B}"
EndProject
Project("{9A19103F-16F7-4668-BE54-9A1E7A4F7556}") = "MonoGame.IMEHelper.WindowsDX", "MonoGame.IMEHelper.WindowsDX\MonoGame.IMEHelper.WindowsDX.csproj", "{891BA6E8-989E-41F9-926C-10CE583A7D31}"
EndProject
Project("{9A19103F-16F7-4668-BE54-9A1E7A4F7556}") = "MonoGame.IMEHelper.WindowsDX.Test", "MonoGame.IMEHelper.WindowsDX.Test\MonoGame.IMEHelper.WindowsDX.Test.csproj", "{FC2EEDBD-D8F2-4CF5-9402-FBC4F6FA9CDC}"
EndProject
Project("{FAE04EC0-301F-11D3-BF4B-00C04F79EFBC}") = "MonoGame.IMEHelper.Common", "MonoGame.IMEHelper.Common\MonoGame.IMEHelper.Common.csproj", "{FCAD64D5-7AA7-4D51-8C64-4DD0D947B054}"
EndProject
Global
	GlobalSection(SolutionConfigurationPlatforms) = preSolution
		Ad-Hoc|Any CPU = Ad-Hoc|Any CPU
		Ad-Hoc|iPhone = Ad-Hoc|iPhone
		Ad-Hoc|iPhoneSimulator = Ad-Hoc|iPhoneSimulator
		Ad-Hoc|x64 = Ad-Hoc|x64
		Ad-Hoc|x86 = Ad-Hoc|x86
		AppStore|Any CPU = AppStore|Any CPU
		AppStore|iPhone = AppStore|iPhone
		AppStore|iPhoneSimulator = AppStore|iPhoneSimulator
		AppStore|x64 = AppStore|x64
		AppStore|x86 = AppStore|x86
		Debug|Any CPU = Debug|Any CPU
		Debug|iPhone = Debug|iPhone
		Debug|iPhoneSimulator = Debug|iPhoneSimulator
		Debug|x64 = Debug|x64
		Debug|x86 = Debug|x86
		Release|Any CPU = Release|Any CPU
		Release|iPhone = Release|iPhone
		Release|iPhoneSimulator = Release|iPhoneSimulator
		Release|x64 = Release|x64
		Release|x86 = Release|x86
	EndGlobalSection
	GlobalSection(ProjectConfigurationPlatforms) = postSolution
		{4BABFCC4-C139-42C6-AE08-CF441575830C}.Ad-Hoc|Any CPU.ActiveCfg = Release|Any CPU
		{4BABFCC4-C139-42C6-AE08-CF441575830C}.Ad-Hoc|Any CPU.Build.0 = Release|Any CPU
		{4BABFCC4-C139-42C6-AE08-CF441575830C}.Ad-Hoc|iPhone.ActiveCfg = Release|Any CPU
		{4BABFCC4-C139-42C6-AE08-CF441575830C}.Ad-Hoc|iPhone.Build.0 = Release|Any CPU
		{4BABFCC4-C139-42C6-AE08-CF441575830C}.Ad-Hoc|iPhoneSimulator.ActiveCfg = Release|Any CPU
		{4BABFCC4-C139-42C6-AE08-CF441575830C}.Ad-Hoc|iPhoneSimulator.Build.0 = Release|Any CPU
		{4BABFCC4-C139-42C6-AE08-CF441575830C}.Ad-Hoc|x64.ActiveCfg = Release|Any CPU
		{4BABFCC4-C139-42C6-AE08-CF441575830C}.Ad-Hoc|x64.Build.0 = Release|Any CPU
		{4BABFCC4-C139-42C6-AE08-CF441575830C}.Ad-Hoc|x86.ActiveCfg = Release|Any CPU
		{4BABFCC4-C139-42C6-AE08-CF441575830C}.Ad-Hoc|x86.Build.0 = Release|Any CPU
		{4BABFCC4-C139-42C6-AE08-CF441575830C}.AppStore|Any CPU.ActiveCfg = Release|Any CPU
		{4BABFCC4-C139-42C6-AE08-CF441575830C}.AppStore|Any CPU.Build.0 = Release|Any CPU
		{4BABFCC4-C139-42C6-AE08-CF441575830C}.AppStore|iPhone.ActiveCfg = Release|Any CPU
		{4BABFCC4-C139-42C6-AE08-CF441575830C}.AppStore|iPhone.Build.0 = Release|Any CPU
		{4BABFCC4-C139-42C6-AE08-CF441575830C}.AppStore|iPhoneSimulator.ActiveCfg = Release|Any CPU
		{4BABFCC4-C139-42C6-AE08-CF441575830C}.AppStore|iPhoneSimulator.Build.0 = Release|Any CPU
		{4BABFCC4-C139-42C6-AE08-CF441575830C}.AppStore|x64.ActiveCfg = Release|Any CPU
		{4BABFCC4-C139-42C6-AE08-CF441575830C}.AppStore|x64.Build.0 = Release|Any CPU
		{4BABFCC4-C139-42C6-AE08-CF441575830C}.AppStore|x86.ActiveCfg = Release|Any CPU
		{4BABFCC4-C139-42C6-AE08-CF441575830C}.AppStore|x86.Build.0 = Release|Any CPU
		{4BABFCC4-C139-42C6-AE08-CF441575830C}.Debug|Any CPU.ActiveCfg = Debug|Any CPU
		{4BABFCC4-C139-42C6-AE08-CF441575830C}.Debug|Any CPU.Build.0 = Debug|Any CPU
		{4BABFCC4-C139-42C6-AE08-CF441575830C}.Debug|iPhone.ActiveCfg = Debug|Any CPU
		{4BABFCC4-C139-42C6-AE08-CF441575830C}.Debug|iPhone.Build.0 = Debug|Any CPU
		{4BABFCC4-C139-42C6-AE08-CF441575830C}.Debug|iPhoneSimulator.ActiveCfg = Debug|Any CPU
		{4BABFCC4-C139-42C6-AE08-CF441575830C}.Debug|iPhoneSimulator.Build.0 = Debug|Any CPU
		{4BABFCC4-C139-42C6-AE08-CF441575830C}.Debug|x64.ActiveCfg = Debug|Any CPU
		{4BABFCC4-C139-42C6-AE08-CF441575830C}.Debug|x64.Build.0 = Debug|Any CPU
		{4BABFCC4-C139-42C6-AE08-CF441575830C}.Debug|x86.ActiveCfg = Debug|Any CPU
		{4BABFCC4-C139-42C6-AE08-CF441575830C}.Debug|x86.Build.0 = Debug|Any CPU
		{4BABFCC4-C139-42C6-AE08-CF441575830C}.Release|Any CPU.ActiveCfg = Release|Any CPU
		{4BABFCC4-C139-42C6-AE08-CF441575830C}.Release|Any CPU.Build.0 = Release|Any CPU
		{4BABFCC4-C139-42C6-AE08-CF441575830C}.Release|iPhone.ActiveCfg = Release|Any CPU
		{4BABFCC4-C139-42C6-AE08-CF441575830C}.Release|iPhone.Build.0 = Release|Any CPU
		{4BABFCC4-C139-42C6-AE08-CF441575830C}.Release|iPhoneSimulator.ActiveCfg = Release|Any CPU
		{4BABFCC4-C139-42C6-AE08-CF441575830C}.Release|iPhoneSimulator.Build.0 = Release|Any CPU
		{4BABFCC4-C139-42C6-AE08-CF441575830C}.Release|x64.ActiveCfg = Release|Any CPU
		{4BABFCC4-C139-42C6-AE08-CF441575830C}.Release|x64.Build.0 = Release|Any CPU
		{4BABFCC4-C139-42C6-AE08-CF441575830C}.Release|x86.ActiveCfg = Release|Any CPU
		{4BABFCC4-C139-42C6-AE08-CF441575830C}.Release|x86.Build.0 = Release|Any CPU
		{410C0262-131C-4D0E-910D-D01B4F7143E0}.Ad-Hoc|Any CPU.ActiveCfg = Release|Any CPU
		{410C0262-131C-4D0E-910D-D01B4F7143E0}.Ad-Hoc|Any CPU.Build.0 = Release|Any CPU
		{410C0262-131C-4D0E-910D-D01B4F7143E0}.Ad-Hoc|Any CPU.Deploy.0 = Release|Any CPU
		{410C0262-131C-4D0E-910D-D01B4F7143E0}.Ad-Hoc|iPhone.ActiveCfg = Release|Any CPU
		{410C0262-131C-4D0E-910D-D01B4F7143E0}.Ad-Hoc|iPhone.Build.0 = Release|Any CPU
		{410C0262-131C-4D0E-910D-D01B4F7143E0}.Ad-Hoc|iPhone.Deploy.0 = Release|Any CPU
		{410C0262-131C-4D0E-910D-D01B4F7143E0}.Ad-Hoc|iPhoneSimulator.ActiveCfg = Release|Any CPU
		{410C0262-131C-4D0E-910D-D01B4F7143E0}.Ad-Hoc|iPhoneSimulator.Build.0 = Release|Any CPU
		{410C0262-131C-4D0E-910D-D01B4F7143E0}.Ad-Hoc|iPhoneSimulator.Deploy.0 = Release|Any CPU
		{410C0262-131C-4D0E-910D-D01B4F7143E0}.Ad-Hoc|x64.ActiveCfg = Release|Any CPU
		{410C0262-131C-4D0E-910D-D01B4F7143E0}.Ad-Hoc|x64.Build.0 = Release|Any CPU
		{410C0262-131C-4D0E-910D-D01B4F7143E0}.Ad-Hoc|x64.Deploy.0 = Release|Any CPU
		{410C0262-131C-4D0E-910D-D01B4F7143E0}.Ad-Hoc|x86.ActiveCfg = Release|Any CPU
		{410C0262-131C-4D0E-910D-D01B4F7143E0}.Ad-Hoc|x86.Build.0 = Release|Any CPU
		{410C0262-131C-4D0E-910D-D01B4F7143E0}.Ad-Hoc|x86.Deploy.0 = Release|Any CPU
		{410C0262-131C-4D0E-910D-D01B4F7143E0}.AppStore|Any CPU.ActiveCfg = Release|Any CPU
		{410C0262-131C-4D0E-910D-D01B4F7143E0}.AppStore|Any CPU.Build.0 = Release|Any CPU
		{410C0262-131C-4D0E-910D-D01B4F7143E0}.AppStore|Any CPU.Deploy.0 = Release|Any CPU
		{410C0262-131C-4D0E-910D-D01B4F7143E0}.AppStore|iPhone.ActiveCfg = Release|Any CPU
		{410C0262-131C-4D0E-910D-D01B4F7143E0}.AppStore|iPhone.Build.0 = Release|Any CPU
		{410C0262-131C-4D0E-910D-D01B4F7143E0}.AppStore|iPhone.Deploy.0 = Release|Any CPU
		{410C0262-131C-4D0E-910D-D01B4F7143E0}.AppStore|iPhoneSimulator.ActiveCfg = Release|Any CPU
		{410C0262-131C-4D0E-910D-D01B4F7143E0}.AppStore|iPhoneSimulator.Build.0 = Release|Any CPU
		{410C0262-131C-4D0E-910D-D01B4F7143E0}.AppStore|iPhoneSimulator.Deploy.0 = Release|Any CPU
		{410C0262-131C-4D0E-910D-D01B4F7143E0}.AppStore|x64.ActiveCfg = Release|Any CPU
		{410C0262-131C-4D0E-910D-D01B4F7143E0}.AppStore|x64.Build.0 = Release|Any CPU
		{410C0262-131C-4D0E-910D-D01B4F7143E0}.AppStore|x64.Deploy.0 = Release|Any CPU
		{410C0262-131C-4D0E-910D-D01B4F7143E0}.AppStore|x86.ActiveCfg = Release|Any CPU
		{410C0262-131C-4D0E-910D-D01B4F7143E0}.AppStore|x86.Build.0 = Release|Any CPU
		{410C0262-131C-4D0E-910D-D01B4F7143E0}.AppStore|x86.Deploy.0 = Release|Any CPU
		{410C0262-131C-4D0E-910D-D01B4F7143E0}.Debug|Any CPU.ActiveCfg = Debug|Any CPU
		{410C0262-131C-4D0E-910D-D01B4F7143E0}.Debug|Any CPU.Build.0 = Debug|Any CPU
		{410C0262-131C-4D0E-910D-D01B4F7143E0}.Debug|Any CPU.Deploy.0 = Debug|Any CPU
		{410C0262-131C-4D0E-910D-D01B4F7143E0}.Debug|iPhone.ActiveCfg = Debug|Any CPU
		{410C0262-131C-4D0E-910D-D01B4F7143E0}.Debug|iPhone.Build.0 = Debug|Any CPU
		{410C0262-131C-4D0E-910D-D01B4F7143E0}.Debug|iPhone.Deploy.0 = Debug|Any CPU
		{410C0262-131C-4D0E-910D-D01B4F7143E0}.Debug|iPhoneSimulator.ActiveCfg = Debug|Any CPU
		{410C0262-131C-4D0E-910D-D01B4F7143E0}.Debug|iPhoneSimulator.Build.0 = Debug|Any CPU
		{410C0262-131C-4D0E-910D-D01B4F7143E0}.Debug|iPhoneSimulator.Deploy.0 = Debug|Any CPU
		{410C0262-131C-4D0E-910D-D01B4F7143E0}.Debug|x64.ActiveCfg = Debug|Any CPU
		{410C0262-131C-4D0E-910D-D01B4F7143E0}.Debug|x64.Build.0 = Debug|Any CPU
		{410C0262-131C-4D0E-910D-D01B4F7143E0}.Debug|x64.Deploy.0 = Debug|Any CPU
		{410C0262-131C-4D0E-910D-D01B4F7143E0}.Debug|x86.ActiveCfg = Debug|Any CPU
		{410C0262-131C-4D0E-910D-D01B4F7143E0}.Debug|x86.Build.0 = Debug|Any CPU
		{410C0262-131C-4D0E-910D-D01B4F7143E0}.Debug|x86.Deploy.0 = Debug|Any CPU
		{410C0262-131C-4D0E-910D-D01B4F7143E0}.Release|Any CPU.ActiveCfg = Release|Any CPU
		{410C0262-131C-4D0E-910D-D01B4F7143E0}.Release|Any CPU.Build.0 = Release|Any CPU
		{410C0262-131C-4D0E-910D-D01B4F7143E0}.Release|Any CPU.Deploy.0 = Release|Any CPU
		{410C0262-131C-4D0E-910D-D01B4F7143E0}.Release|iPhone.ActiveCfg = Release|Any CPU
		{410C0262-131C-4D0E-910D-D01B4F7143E0}.Release|iPhone.Build.0 = Release|Any CPU
		{410C0262-131C-4D0E-910D-D01B4F7143E0}.Release|iPhone.Deploy.0 = Release|Any CPU
		{410C0262-131C-4D0E-910D-D01B4F7143E0}.Release|iPhoneSimulator.ActiveCfg = Release|Any CPU
		{410C0262-131C-4D0E-910D-D01B4F7143E0}.Release|iPhoneSimulator.Build.0 = Release|Any CPU
		{410C0262-131C-4D0E-910D-D01B4F7143E0}.Release|iPhoneSimulator.Deploy.0 = Release|Any CPU
		{410C0262-131C-4D0E-910D-D01B4F7143E0}.Release|x64.ActiveCfg = Release|Any CPU
		{410C0262-131C-4D0E-910D-D01B4F7143E0}.Release|x64.Build.0 = Release|Any CPU
		{410C0262-131C-4D0E-910D-D01B4F7143E0}.Release|x64.Deploy.0 = Release|Any CPU
		{410C0262-131C-4D0E-910D-D01B4F7143E0}.Release|x86.ActiveCfg = Release|Any CPU
		{410C0262-131C-4D0E-910D-D01B4F7143E0}.Release|x86.Build.0 = Release|Any CPU
		{410C0262-131C-4D0E-910D-D01B4F7143E0}.Release|x86.Deploy.0 = Release|Any CPU
		{74DD5D92-4F34-492D-9E99-B18439CC2966}.Ad-Hoc|Any CPU.ActiveCfg = Release|Any CPU
		{74DD5D92-4F34-492D-9E99-B18439CC2966}.Ad-Hoc|Any CPU.Build.0 = Release|Any CPU
		{74DD5D92-4F34-492D-9E99-B18439CC2966}.Ad-Hoc|iPhone.ActiveCfg = Release|Any CPU
		{74DD5D92-4F34-492D-9E99-B18439CC2966}.Ad-Hoc|iPhone.Build.0 = Release|Any CPU
		{74DD5D92-4F34-492D-9E99-B18439CC2966}.Ad-Hoc|iPhoneSimulator.ActiveCfg = Release|Any CPU
		{74DD5D92-4F34-492D-9E99-B18439CC2966}.Ad-Hoc|iPhoneSimulator.Build.0 = Release|Any CPU
		{74DD5D92-4F34-492D-9E99-B18439CC2966}.Ad-Hoc|x64.ActiveCfg = Release|Any CPU
		{74DD5D92-4F34-492D-9E99-B18439CC2966}.Ad-Hoc|x64.Build.0 = Release|Any CPU
		{74DD5D92-4F34-492D-9E99-B18439CC2966}.Ad-Hoc|x86.ActiveCfg = Release|Any CPU
		{74DD5D92-4F34-492D-9E99-B18439CC2966}.Ad-Hoc|x86.Build.0 = Release|Any CPU
		{74DD5D92-4F34-492D-9E99-B18439CC2966}.AppStore|Any CPU.ActiveCfg = Release|Any CPU
		{74DD5D92-4F34-492D-9E99-B18439CC2966}.AppStore|Any CPU.Build.0 = Release|Any CPU
		{74DD5D92-4F34-492D-9E99-B18439CC2966}.AppStore|iPhone.ActiveCfg = Release|Any CPU
		{74DD5D92-4F34-492D-9E99-B18439CC2966}.AppStore|iPhone.Build.0 = Release|Any CPU
		{74DD5D92-4F34-492D-9E99-B18439CC2966}.AppStore|iPhoneSimulator.ActiveCfg = Release|Any CPU
		{74DD5D92-4F34-492D-9E99-B18439CC2966}.AppStore|iPhoneSimulator.Build.0 = Release|Any CPU
		{74DD5D92-4F34-492D-9E99-B18439CC2966}.AppStore|x64.ActiveCfg = Release|Any CPU
		{74DD5D92-4F34-492D-9E99-B18439CC2966}.AppStore|x64.Build.0 = Release|Any CPU
		{74DD5D92-4F34-492D-9E99-B18439CC2966}.AppStore|x86.ActiveCfg = Release|Any CPU
		{74DD5D92-4F34-492D-9E99-B18439CC2966}.AppStore|x86.Build.0 = Release|Any CPU
		{74DD5D92-4F34-492D-9E99-B18439CC2966}.Debug|Any CPU.ActiveCfg = Debug|Any CPU
		{74DD5D92-4F34-492D-9E99-B18439CC2966}.Debug|Any CPU.Build.0 = Debug|Any CPU
		{74DD5D92-4F34-492D-9E99-B18439CC2966}.Debug|iPhone.ActiveCfg = Debug|Any CPU
		{74DD5D92-4F34-492D-9E99-B18439CC2966}.Debug|iPhone.Build.0 = Debug|Any CPU
		{74DD5D92-4F34-492D-9E99-B18439CC2966}.Debug|iPhoneSimulator.ActiveCfg = Debug|Any CPU
		{74DD5D92-4F34-492D-9E99-B18439CC2966}.Debug|iPhoneSimulator.Build.0 = Debug|Any CPU
		{74DD5D92-4F34-492D-9E99-B18439CC2966}.Debug|x64.ActiveCfg = Debug|Any CPU
		{74DD5D92-4F34-492D-9E99-B18439CC2966}.Debug|x64.Build.0 = Debug|Any CPU
		{74DD5D92-4F34-492D-9E99-B18439CC2966}.Debug|x86.ActiveCfg = Debug|Any CPU
		{74DD5D92-4F34-492D-9E99-B18439CC2966}.Debug|x86.Build.0 = Debug|Any CPU
		{74DD5D92-4F34-492D-9E99-B18439CC2966}.Release|Any CPU.ActiveCfg = Release|Any CPU
		{74DD5D92-4F34-492D-9E99-B18439CC2966}.Release|Any CPU.Build.0 = Release|Any CPU
		{74DD5D92-4F34-492D-9E99-B18439CC2966}.Release|iPhone.ActiveCfg = Release|Any CPU
		{74DD5D92-4F34-492D-9E99-B18439CC2966}.Release|iPhone.Build.0 = Release|Any CPU
		{74DD5D92-4F34-492D-9E99-B18439CC2966}.Release|iPhoneSimulator.ActiveCfg = Release|Any CPU
		{74DD5D92-4F34-492D-9E99-B18439CC2966}.Release|iPhoneSimulator.Build.0 = Release|Any CPU
		{74DD5D92-4F34-492D-9E99-B18439CC2966}.Release|x64.ActiveCfg = Release|Any CPU
		{74DD5D92-4F34-492D-9E99-B18439CC2966}.Release|x64.Build.0 = Release|Any CPU
		{74DD5D92-4F34-492D-9E99-B18439CC2966}.Release|x86.ActiveCfg = Release|Any CPU
		{74DD5D92-4F34-492D-9E99-B18439CC2966}.Release|x86.Build.0 = Release|Any CPU
		{F0828DE1-FA02-4D08-B90A-950E0B354E2A}.Ad-Hoc|Any CPU.ActiveCfg = Ad-Hoc|iPhone
		{F0828DE1-FA02-4D08-B90A-950E0B354E2A}.Ad-Hoc|iPhone.ActiveCfg = Ad-Hoc|iPhone
		{F0828DE1-FA02-4D08-B90A-950E0B354E2A}.Ad-Hoc|iPhone.Build.0 = Ad-Hoc|iPhone
		{F0828DE1-FA02-4D08-B90A-950E0B354E2A}.Ad-Hoc|iPhoneSimulator.ActiveCfg = Ad-Hoc|iPhoneSimulator
		{F0828DE1-FA02-4D08-B90A-950E0B354E2A}.Ad-Hoc|iPhoneSimulator.Build.0 = Ad-Hoc|iPhoneSimulator
		{F0828DE1-FA02-4D08-B90A-950E0B354E2A}.Ad-Hoc|x64.ActiveCfg = Ad-Hoc|iPhone
		{F0828DE1-FA02-4D08-B90A-950E0B354E2A}.Ad-Hoc|x86.ActiveCfg = Ad-Hoc|iPhone
		{F0828DE1-FA02-4D08-B90A-950E0B354E2A}.AppStore|Any CPU.ActiveCfg = AppStore|iPhone
		{F0828DE1-FA02-4D08-B90A-950E0B354E2A}.AppStore|iPhone.ActiveCfg = AppStore|iPhone
		{F0828DE1-FA02-4D08-B90A-950E0B354E2A}.AppStore|iPhone.Build.0 = AppStore|iPhone
		{F0828DE1-FA02-4D08-B90A-950E0B354E2A}.AppStore|iPhoneSimulator.ActiveCfg = AppStore|iPhoneSimulator
		{F0828DE1-FA02-4D08-B90A-950E0B354E2A}.AppStore|iPhoneSimulator.Build.0 = AppStore|iPhoneSimulator
		{F0828DE1-FA02-4D08-B90A-950E0B354E2A}.AppStore|x64.ActiveCfg = AppStore|iPhone
		{F0828DE1-FA02-4D08-B90A-950E0B354E2A}.AppStore|x86.ActiveCfg = AppStore|iPhone
		{F0828DE1-FA02-4D08-B90A-950E0B354E2A}.Debug|Any CPU.ActiveCfg = Debug|iPhone
		{F0828DE1-FA02-4D08-B90A-950E0B354E2A}.Debug|iPhone.ActiveCfg = Debug|iPhone
		{F0828DE1-FA02-4D08-B90A-950E0B354E2A}.Debug|iPhone.Build.0 = Debug|iPhone
		{F0828DE1-FA02-4D08-B90A-950E0B354E2A}.Debug|iPhoneSimulator.ActiveCfg = Debug|iPhoneSimulator
		{F0828DE1-FA02-4D08-B90A-950E0B354E2A}.Debug|iPhoneSimulator.Build.0 = Debug|iPhoneSimulator
		{F0828DE1-FA02-4D08-B90A-950E0B354E2A}.Debug|x64.ActiveCfg = Debug|iPhone
		{F0828DE1-FA02-4D08-B90A-950E0B354E2A}.Debug|x86.ActiveCfg = Debug|iPhone
		{F0828DE1-FA02-4D08-B90A-950E0B354E2A}.Release|Any CPU.ActiveCfg = Release|iPhone
		{F0828DE1-FA02-4D08-B90A-950E0B354E2A}.Release|iPhone.ActiveCfg = Release|iPhone
		{F0828DE1-FA02-4D08-B90A-950E0B354E2A}.Release|iPhone.Build.0 = Release|iPhone
		{F0828DE1-FA02-4D08-B90A-950E0B354E2A}.Release|iPhoneSimulator.ActiveCfg = Release|iPhoneSimulator
		{F0828DE1-FA02-4D08-B90A-950E0B354E2A}.Release|iPhoneSimulator.Build.0 = Release|iPhoneSimulator
		{F0828DE1-FA02-4D08-B90A-950E0B354E2A}.Release|x64.ActiveCfg = Release|iPhone
		{F0828DE1-FA02-4D08-B90A-950E0B354E2A}.Release|x86.ActiveCfg = Release|iPhone
		{D7D75CFF-76E4-4D90-99D2-ECEBF57C49BF}.Ad-Hoc|Any CPU.ActiveCfg = Debug|Any CPU
		{D7D75CFF-76E4-4D90-99D2-ECEBF57C49BF}.Ad-Hoc|Any CPU.Build.0 = Debug|Any CPU
		{D7D75CFF-76E4-4D90-99D2-ECEBF57C49BF}.Ad-Hoc|iPhone.ActiveCfg = Debug|Any CPU
		{D7D75CFF-76E4-4D90-99D2-ECEBF57C49BF}.Ad-Hoc|iPhone.Build.0 = Debug|Any CPU
		{D7D75CFF-76E4-4D90-99D2-ECEBF57C49BF}.Ad-Hoc|iPhoneSimulator.ActiveCfg = Debug|Any CPU
		{D7D75CFF-76E4-4D90-99D2-ECEBF57C49BF}.Ad-Hoc|iPhoneSimulator.Build.0 = Debug|Any CPU
		{D7D75CFF-76E4-4D90-99D2-ECEBF57C49BF}.Ad-Hoc|x64.ActiveCfg = Debug|Any CPU
		{D7D75CFF-76E4-4D90-99D2-ECEBF57C49BF}.Ad-Hoc|x64.Build.0 = Debug|Any CPU
		{D7D75CFF-76E4-4D90-99D2-ECEBF57C49BF}.Ad-Hoc|x86.ActiveCfg = Debug|Any CPU
		{D7D75CFF-76E4-4D90-99D2-ECEBF57C49BF}.Ad-Hoc|x86.Build.0 = Debug|Any CPU
		{D7D75CFF-76E4-4D90-99D2-ECEBF57C49BF}.AppStore|Any CPU.ActiveCfg = Debug|Any CPU
		{D7D75CFF-76E4-4D90-99D2-ECEBF57C49BF}.AppStore|Any CPU.Build.0 = Debug|Any CPU
		{D7D75CFF-76E4-4D90-99D2-ECEBF57C49BF}.AppStore|iPhone.ActiveCfg = Debug|Any CPU
		{D7D75CFF-76E4-4D90-99D2-ECEBF57C49BF}.AppStore|iPhone.Build.0 = Debug|Any CPU
		{D7D75CFF-76E4-4D90-99D2-ECEBF57C49BF}.AppStore|iPhoneSimulator.ActiveCfg = Debug|Any CPU
		{D7D75CFF-76E4-4D90-99D2-ECEBF57C49BF}.AppStore|iPhoneSimulator.Build.0 = Debug|Any CPU
		{D7D75CFF-76E4-4D90-99D2-ECEBF57C49BF}.AppStore|x64.ActiveCfg = Debug|Any CPU
		{D7D75CFF-76E4-4D90-99D2-ECEBF57C49BF}.AppStore|x64.Build.0 = Debug|Any CPU
		{D7D75CFF-76E4-4D90-99D2-ECEBF57C49BF}.AppStore|x86.ActiveCfg = Debug|Any CPU
		{D7D75CFF-76E4-4D90-99D2-ECEBF57C49BF}.AppStore|x86.Build.0 = Debug|Any CPU
		{D7D75CFF-76E4-4D90-99D2-ECEBF57C49BF}.Debug|Any CPU.ActiveCfg = Debug|Any CPU
		{D7D75CFF-76E4-4D90-99D2-ECEBF57C49BF}.Debug|Any CPU.Build.0 = Debug|Any CPU
		{D7D75CFF-76E4-4D90-99D2-ECEBF57C49BF}.Debug|iPhone.ActiveCfg = Debug|Any CPU
		{D7D75CFF-76E4-4D90-99D2-ECEBF57C49BF}.Debug|iPhone.Build.0 = Debug|Any CPU
		{D7D75CFF-76E4-4D90-99D2-ECEBF57C49BF}.Debug|iPhoneSimulator.ActiveCfg = Debug|Any CPU
		{D7D75CFF-76E4-4D90-99D2-ECEBF57C49BF}.Debug|iPhoneSimulator.Build.0 = Debug|Any CPU
		{D7D75CFF-76E4-4D90-99D2-ECEBF57C49BF}.Debug|x64.ActiveCfg = Debug|Any CPU
		{D7D75CFF-76E4-4D90-99D2-ECEBF57C49BF}.Debug|x64.Build.0 = Debug|Any CPU
		{D7D75CFF-76E4-4D90-99D2-ECEBF57C49BF}.Debug|x86.ActiveCfg = Debug|Any CPU
		{D7D75CFF-76E4-4D90-99D2-ECEBF57C49BF}.Debug|x86.Build.0 = Debug|Any CPU
		{D7D75CFF-76E4-4D90-99D2-ECEBF57C49BF}.Release|Any CPU.ActiveCfg = Release|Any CPU
		{D7D75CFF-76E4-4D90-99D2-ECEBF57C49BF}.Release|Any CPU.Build.0 = Release|Any CPU
		{D7D75CFF-76E4-4D90-99D2-ECEBF57C49BF}.Release|iPhone.ActiveCfg = Release|Any CPU
		{D7D75CFF-76E4-4D90-99D2-ECEBF57C49BF}.Release|iPhone.Build.0 = Release|Any CPU
		{D7D75CFF-76E4-4D90-99D2-ECEBF57C49BF}.Release|iPhoneSimulator.ActiveCfg = Release|Any CPU
		{D7D75CFF-76E4-4D90-99D2-ECEBF57C49BF}.Release|iPhoneSimulator.Build.0 = Release|Any CPU
		{D7D75CFF-76E4-4D90-99D2-ECEBF57C49BF}.Release|x64.ActiveCfg = Release|Any CPU
		{D7D75CFF-76E4-4D90-99D2-ECEBF57C49BF}.Release|x64.Build.0 = Release|Any CPU
		{D7D75CFF-76E4-4D90-99D2-ECEBF57C49BF}.Release|x86.ActiveCfg = Release|Any CPU
		{D7D75CFF-76E4-4D90-99D2-ECEBF57C49BF}.Release|x86.Build.0 = Release|Any CPU
		{36F1BB39-7A83-4B17-9E3D-0F1AA1E3E55B}.Ad-Hoc|Any CPU.ActiveCfg = Debug|Any CPU
		{36F1BB39-7A83-4B17-9E3D-0F1AA1E3E55B}.Ad-Hoc|Any CPU.Build.0 = Debug|Any CPU
		{36F1BB39-7A83-4B17-9E3D-0F1AA1E3E55B}.Ad-Hoc|iPhone.ActiveCfg = Debug|Any CPU
		{36F1BB39-7A83-4B17-9E3D-0F1AA1E3E55B}.Ad-Hoc|iPhone.Build.0 = Debug|Any CPU
		{36F1BB39-7A83-4B17-9E3D-0F1AA1E3E55B}.Ad-Hoc|iPhoneSimulator.ActiveCfg = Debug|Any CPU
		{36F1BB39-7A83-4B17-9E3D-0F1AA1E3E55B}.Ad-Hoc|iPhoneSimulator.Build.0 = Debug|Any CPU
		{36F1BB39-7A83-4B17-9E3D-0F1AA1E3E55B}.Ad-Hoc|x64.ActiveCfg = Debug|Any CPU
		{36F1BB39-7A83-4B17-9E3D-0F1AA1E3E55B}.Ad-Hoc|x64.Build.0 = Debug|Any CPU
		{36F1BB39-7A83-4B17-9E3D-0F1AA1E3E55B}.Ad-Hoc|x86.ActiveCfg = Debug|Any CPU
		{36F1BB39-7A83-4B17-9E3D-0F1AA1E3E55B}.Ad-Hoc|x86.Build.0 = Debug|Any CPU
		{36F1BB39-7A83-4B17-9E3D-0F1AA1E3E55B}.AppStore|Any CPU.ActiveCfg = Debug|Any CPU
		{36F1BB39-7A83-4B17-9E3D-0F1AA1E3E55B}.AppStore|Any CPU.Build.0 = Debug|Any CPU
		{36F1BB39-7A83-4B17-9E3D-0F1AA1E3E55B}.AppStore|iPhone.ActiveCfg = Debug|Any CPU
		{36F1BB39-7A83-4B17-9E3D-0F1AA1E3E55B}.AppStore|iPhone.Build.0 = Debug|Any CPU
		{36F1BB39-7A83-4B17-9E3D-0F1AA1E3E55B}.AppStore|iPhoneSimulator.ActiveCfg = Debug|Any CPU
		{36F1BB39-7A83-4B17-9E3D-0F1AA1E3E55B}.AppStore|iPhoneSimulator.Build.0 = Debug|Any CPU
		{36F1BB39-7A83-4B17-9E3D-0F1AA1E3E55B}.AppStore|x64.ActiveCfg = Debug|Any CPU
		{36F1BB39-7A83-4B17-9E3D-0F1AA1E3E55B}.AppStore|x64.Build.0 = Debug|Any CPU
		{36F1BB39-7A83-4B17-9E3D-0F1AA1E3E55B}.AppStore|x86.ActiveCfg = Debug|Any CPU
		{36F1BB39-7A83-4B17-9E3D-0F1AA1E3E55B}.AppStore|x86.Build.0 = Debug|Any CPU
		{36F1BB39-7A83-4B17-9E3D-0F1AA1E3E55B}.Debug|Any CPU.ActiveCfg = Debug|Any CPU
		{36F1BB39-7A83-4B17-9E3D-0F1AA1E3E55B}.Debug|Any CPU.Build.0 = Debug|Any CPU
		{36F1BB39-7A83-4B17-9E3D-0F1AA1E3E55B}.Debug|iPhone.ActiveCfg = Debug|Any CPU
		{36F1BB39-7A83-4B17-9E3D-0F1AA1E3E55B}.Debug|iPhone.Build.0 = Debug|Any CPU
		{36F1BB39-7A83-4B17-9E3D-0F1AA1E3E55B}.Debug|iPhoneSimulator.ActiveCfg = Debug|Any CPU
		{36F1BB39-7A83-4B17-9E3D-0F1AA1E3E55B}.Debug|iPhoneSimulator.Build.0 = Debug|Any CPU
		{36F1BB39-7A83-4B17-9E3D-0F1AA1E3E55B}.Debug|x64.ActiveCfg = Debug|Any CPU
		{36F1BB39-7A83-4B17-9E3D-0F1AA1E3E55B}.Debug|x64.Build.0 = Debug|Any CPU
		{36F1BB39-7A83-4B17-9E3D-0F1AA1E3E55B}.Debug|x86.ActiveCfg = Debug|Any CPU
		{36F1BB39-7A83-4B17-9E3D-0F1AA1E3E55B}.Debug|x86.Build.0 = Debug|Any CPU
		{36F1BB39-7A83-4B17-9E3D-0F1AA1E3E55B}.Release|Any CPU.ActiveCfg = Release|Any CPU
		{36F1BB39-7A83-4B17-9E3D-0F1AA1E3E55B}.Release|Any CPU.Build.0 = Release|Any CPU
		{36F1BB39-7A83-4B17-9E3D-0F1AA1E3E55B}.Release|iPhone.ActiveCfg = Release|Any CPU
		{36F1BB39-7A83-4B17-9E3D-0F1AA1E3E55B}.Release|iPhone.Build.0 = Release|Any CPU
		{36F1BB39-7A83-4B17-9E3D-0F1AA1E3E55B}.Release|iPhoneSimulator.ActiveCfg = Release|Any CPU
		{36F1BB39-7A83-4B17-9E3D-0F1AA1E3E55B}.Release|iPhoneSimulator.Build.0 = Release|Any CPU
		{36F1BB39-7A83-4B17-9E3D-0F1AA1E3E55B}.Release|x64.ActiveCfg = Release|Any CPU
		{36F1BB39-7A83-4B17-9E3D-0F1AA1E3E55B}.Release|x64.Build.0 = Release|Any CPU
		{36F1BB39-7A83-4B17-9E3D-0F1AA1E3E55B}.Release|x86.ActiveCfg = Release|Any CPU
		{36F1BB39-7A83-4B17-9E3D-0F1AA1E3E55B}.Release|x86.Build.0 = Release|Any CPU
		{891BA6E8-989E-41F9-926C-10CE583A7D31}.Ad-Hoc|Any CPU.ActiveCfg = Debug|Any CPU
		{891BA6E8-989E-41F9-926C-10CE583A7D31}.Ad-Hoc|Any CPU.Build.0 = Debug|Any CPU
		{891BA6E8-989E-41F9-926C-10CE583A7D31}.Ad-Hoc|iPhone.ActiveCfg = Debug|Any CPU
		{891BA6E8-989E-41F9-926C-10CE583A7D31}.Ad-Hoc|iPhone.Build.0 = Debug|Any CPU
		{891BA6E8-989E-41F9-926C-10CE583A7D31}.Ad-Hoc|iPhoneSimulator.ActiveCfg = Debug|Any CPU
		{891BA6E8-989E-41F9-926C-10CE583A7D31}.Ad-Hoc|iPhoneSimulator.Build.0 = Debug|Any CPU
		{891BA6E8-989E-41F9-926C-10CE583A7D31}.Ad-Hoc|x64.ActiveCfg = Debug|Any CPU
		{891BA6E8-989E-41F9-926C-10CE583A7D31}.Ad-Hoc|x64.Build.0 = Debug|Any CPU
		{891BA6E8-989E-41F9-926C-10CE583A7D31}.Ad-Hoc|x86.ActiveCfg = Debug|Any CPU
		{891BA6E8-989E-41F9-926C-10CE583A7D31}.Ad-Hoc|x86.Build.0 = Debug|Any CPU
		{891BA6E8-989E-41F9-926C-10CE583A7D31}.AppStore|Any CPU.ActiveCfg = Debug|Any CPU
		{891BA6E8-989E-41F9-926C-10CE583A7D31}.AppStore|Any CPU.Build.0 = Debug|Any CPU
		{891BA6E8-989E-41F9-926C-10CE583A7D31}.AppStore|iPhone.ActiveCfg = Debug|Any CPU
		{891BA6E8-989E-41F9-926C-10CE583A7D31}.AppStore|iPhone.Build.0 = Debug|Any CPU
		{891BA6E8-989E-41F9-926C-10CE583A7D31}.AppStore|iPhoneSimulator.ActiveCfg = Debug|Any CPU
		{891BA6E8-989E-41F9-926C-10CE583A7D31}.AppStore|iPhoneSimulator.Build.0 = Debug|Any CPU
		{891BA6E8-989E-41F9-926C-10CE583A7D31}.AppStore|x64.ActiveCfg = Debug|Any CPU
		{891BA6E8-989E-41F9-926C-10CE583A7D31}.AppStore|x64.Build.0 = Debug|Any CPU
		{891BA6E8-989E-41F9-926C-10CE583A7D31}.AppStore|x86.ActiveCfg = Debug|Any CPU
		{891BA6E8-989E-41F9-926C-10CE583A7D31}.AppStore|x86.Build.0 = Debug|Any CPU
		{891BA6E8-989E-41F9-926C-10CE583A7D31}.Debug|Any CPU.ActiveCfg = Debug|Any CPU
		{891BA6E8-989E-41F9-926C-10CE583A7D31}.Debug|Any CPU.Build.0 = Debug|Any CPU
		{891BA6E8-989E-41F9-926C-10CE583A7D31}.Debug|iPhone.ActiveCfg = Debug|Any CPU
		{891BA6E8-989E-41F9-926C-10CE583A7D31}.Debug|iPhone.Build.0 = Debug|Any CPU
		{891BA6E8-989E-41F9-926C-10CE583A7D31}.Debug|iPhoneSimulator.ActiveCfg = Debug|Any CPU
		{891BA6E8-989E-41F9-926C-10CE583A7D31}.Debug|iPhoneSimulator.Build.0 = Debug|Any CPU
		{891BA6E8-989E-41F9-926C-10CE583A7D31}.Debug|x64.ActiveCfg = Debug|Any CPU
		{891BA6E8-989E-41F9-926C-10CE583A7D31}.Debug|x64.Build.0 = Debug|Any CPU
		{891BA6E8-989E-41F9-926C-10CE583A7D31}.Debug|x86.ActiveCfg = Debug|Any CPU
		{891BA6E8-989E-41F9-926C-10CE583A7D31}.Debug|x86.Build.0 = Debug|Any CPU
		{891BA6E8-989E-41F9-926C-10CE583A7D31}.Release|Any CPU.ActiveCfg = Release|Any CPU
		{891BA6E8-989E-41F9-926C-10CE583A7D31}.Release|Any CPU.Build.0 = Release|Any CPU
		{891BA6E8-989E-41F9-926C-10CE583A7D31}.Release|iPhone.ActiveCfg = Release|Any CPU
		{891BA6E8-989E-41F9-926C-10CE583A7D31}.Release|iPhone.Build.0 = Release|Any CPU
		{891BA6E8-989E-41F9-926C-10CE583A7D31}.Release|iPhoneSimulator.ActiveCfg = Release|Any CPU
		{891BA6E8-989E-41F9-926C-10CE583A7D31}.Release|iPhoneSimulator.Build.0 = Release|Any CPU
		{891BA6E8-989E-41F9-926C-10CE583A7D31}.Release|x64.ActiveCfg = Release|Any CPU
		{891BA6E8-989E-41F9-926C-10CE583A7D31}.Release|x64.Build.0 = Release|Any CPU
		{891BA6E8-989E-41F9-926C-10CE583A7D31}.Release|x86.ActiveCfg = Release|Any CPU
		{891BA6E8-989E-41F9-926C-10CE583A7D31}.Release|x86.Build.0 = Release|Any CPU
		{FC2EEDBD-D8F2-4CF5-9402-FBC4F6FA9CDC}.Ad-Hoc|Any CPU.ActiveCfg = Debug|Any CPU
		{FC2EEDBD-D8F2-4CF5-9402-FBC4F6FA9CDC}.Ad-Hoc|Any CPU.Build.0 = Debug|Any CPU
		{FC2EEDBD-D8F2-4CF5-9402-FBC4F6FA9CDC}.Ad-Hoc|iPhone.ActiveCfg = Debug|Any CPU
		{FC2EEDBD-D8F2-4CF5-9402-FBC4F6FA9CDC}.Ad-Hoc|iPhone.Build.0 = Debug|Any CPU
		{FC2EEDBD-D8F2-4CF5-9402-FBC4F6FA9CDC}.Ad-Hoc|iPhoneSimulator.ActiveCfg = Debug|Any CPU
		{FC2EEDBD-D8F2-4CF5-9402-FBC4F6FA9CDC}.Ad-Hoc|iPhoneSimulator.Build.0 = Debug|Any CPU
		{FC2EEDBD-D8F2-4CF5-9402-FBC4F6FA9CDC}.Ad-Hoc|x64.ActiveCfg = Debug|Any CPU
		{FC2EEDBD-D8F2-4CF5-9402-FBC4F6FA9CDC}.Ad-Hoc|x64.Build.0 = Debug|Any CPU
		{FC2EEDBD-D8F2-4CF5-9402-FBC4F6FA9CDC}.Ad-Hoc|x86.ActiveCfg = Debug|Any CPU
		{FC2EEDBD-D8F2-4CF5-9402-FBC4F6FA9CDC}.Ad-Hoc|x86.Build.0 = Debug|Any CPU
		{FC2EEDBD-D8F2-4CF5-9402-FBC4F6FA9CDC}.AppStore|Any CPU.ActiveCfg = Debug|Any CPU
		{FC2EEDBD-D8F2-4CF5-9402-FBC4F6FA9CDC}.AppStore|Any CPU.Build.0 = Debug|Any CPU
		{FC2EEDBD-D8F2-4CF5-9402-FBC4F6FA9CDC}.AppStore|iPhone.ActiveCfg = Debug|Any CPU
		{FC2EEDBD-D8F2-4CF5-9402-FBC4F6FA9CDC}.AppStore|iPhone.Build.0 = Debug|Any CPU
		{FC2EEDBD-D8F2-4CF5-9402-FBC4F6FA9CDC}.AppStore|iPhoneSimulator.ActiveCfg = Debug|Any CPU
		{FC2EEDBD-D8F2-4CF5-9402-FBC4F6FA9CDC}.AppStore|iPhoneSimulator.Build.0 = Debug|Any CPU
		{FC2EEDBD-D8F2-4CF5-9402-FBC4F6FA9CDC}.AppStore|x64.ActiveCfg = Debug|Any CPU
		{FC2EEDBD-D8F2-4CF5-9402-FBC4F6FA9CDC}.AppStore|x64.Build.0 = Debug|Any CPU
		{FC2EEDBD-D8F2-4CF5-9402-FBC4F6FA9CDC}.AppStore|x86.ActiveCfg = Debug|Any CPU
		{FC2EEDBD-D8F2-4CF5-9402-FBC4F6FA9CDC}.AppStore|x86.Build.0 = Debug|Any CPU
		{FC2EEDBD-D8F2-4CF5-9402-FBC4F6FA9CDC}.Debug|Any CPU.ActiveCfg = Debug|Any CPU
		{FC2EEDBD-D8F2-4CF5-9402-FBC4F6FA9CDC}.Debug|Any CPU.Build.0 = Debug|Any CPU
		{FC2EEDBD-D8F2-4CF5-9402-FBC4F6FA9CDC}.Debug|iPhone.ActiveCfg = Debug|Any CPU
		{FC2EEDBD-D8F2-4CF5-9402-FBC4F6FA9CDC}.Debug|iPhone.Build.0 = Debug|Any CPU
		{FC2EEDBD-D8F2-4CF5-9402-FBC4F6FA9CDC}.Debug|iPhoneSimulator.ActiveCfg = Debug|Any CPU
		{FC2EEDBD-D8F2-4CF5-9402-FBC4F6FA9CDC}.Debug|iPhoneSimulator.Build.0 = Debug|Any CPU
		{FC2EEDBD-D8F2-4CF5-9402-FBC4F6FA9CDC}.Debug|x64.ActiveCfg = Debug|Any CPU
		{FC2EEDBD-D8F2-4CF5-9402-FBC4F6FA9CDC}.Debug|x64.Build.0 = Debug|Any CPU
		{FC2EEDBD-D8F2-4CF5-9402-FBC4F6FA9CDC}.Debug|x86.ActiveCfg = Debug|Any CPU
		{FC2EEDBD-D8F2-4CF5-9402-FBC4F6FA9CDC}.Debug|x86.Build.0 = Debug|Any CPU
		{FC2EEDBD-D8F2-4CF5-9402-FBC4F6FA9CDC}.Release|Any CPU.ActiveCfg = Release|Any CPU
		{FC2EEDBD-D8F2-4CF5-9402-FBC4F6FA9CDC}.Release|Any CPU.Build.0 = Release|Any CPU
		{FC2EEDBD-D8F2-4CF5-9402-FBC4F6FA9CDC}.Release|iPhone.ActiveCfg = Release|Any CPU
		{FC2EEDBD-D8F2-4CF5-9402-FBC4F6FA9CDC}.Release|iPhone.Build.0 = Release|Any CPU
		{FC2EEDBD-D8F2-4CF5-9402-FBC4F6FA9CDC}.Release|iPhoneSimulator.ActiveCfg = Release|Any CPU
		{FC2EEDBD-D8F2-4CF5-9402-FBC4F6FA9CDC}.Release|iPhoneSimulator.Build.0 = Release|Any CPU
		{FC2EEDBD-D8F2-4CF5-9402-FBC4F6FA9CDC}.Release|x64.ActiveCfg = Release|Any CPU
		{FC2EEDBD-D8F2-4CF5-9402-FBC4F6FA9CDC}.Release|x64.Build.0 = Release|Any CPU
		{FC2EEDBD-D8F2-4CF5-9402-FBC4F6FA9CDC}.Release|x86.ActiveCfg = Release|Any CPU
		{FC2EEDBD-D8F2-4CF5-9402-FBC4F6FA9CDC}.Release|x86.Build.0 = Release|Any CPU
		{FCAD64D5-7AA7-4D51-8C64-4DD0D947B054}.Ad-Hoc|Any CPU.ActiveCfg = Debug|Any CPU
		{FCAD64D5-7AA7-4D51-8C64-4DD0D947B054}.Ad-Hoc|Any CPU.Build.0 = Debug|Any CPU
		{FCAD64D5-7AA7-4D51-8C64-4DD0D947B054}.Ad-Hoc|iPhone.ActiveCfg = Debug|Any CPU
		{FCAD64D5-7AA7-4D51-8C64-4DD0D947B054}.Ad-Hoc|iPhone.Build.0 = Debug|Any CPU
		{FCAD64D5-7AA7-4D51-8C64-4DD0D947B054}.Ad-Hoc|iPhoneSimulator.ActiveCfg = Debug|Any CPU
		{FCAD64D5-7AA7-4D51-8C64-4DD0D947B054}.Ad-Hoc|iPhoneSimulator.Build.0 = Debug|Any CPU
		{FCAD64D5-7AA7-4D51-8C64-4DD0D947B054}.Ad-Hoc|x64.ActiveCfg = Debug|Any CPU
		{FCAD64D5-7AA7-4D51-8C64-4DD0D947B054}.Ad-Hoc|x64.Build.0 = Debug|Any CPU
		{FCAD64D5-7AA7-4D51-8C64-4DD0D947B054}.Ad-Hoc|x86.ActiveCfg = Debug|Any CPU
		{FCAD64D5-7AA7-4D51-8C64-4DD0D947B054}.Ad-Hoc|x86.Build.0 = Debug|Any CPU
		{FCAD64D5-7AA7-4D51-8C64-4DD0D947B054}.AppStore|Any CPU.ActiveCfg = Debug|Any CPU
		{FCAD64D5-7AA7-4D51-8C64-4DD0D947B054}.AppStore|Any CPU.Build.0 = Debug|Any CPU
		{FCAD64D5-7AA7-4D51-8C64-4DD0D947B054}.AppStore|iPhone.ActiveCfg = Debug|Any CPU
		{FCAD64D5-7AA7-4D51-8C64-4DD0D947B054}.AppStore|iPhone.Build.0 = Debug|Any CPU
		{FCAD64D5-7AA7-4D51-8C64-4DD0D947B054}.AppStore|iPhoneSimulator.ActiveCfg = Debug|Any CPU
		{FCAD64D5-7AA7-4D51-8C64-4DD0D947B054}.AppStore|iPhoneSimulator.Build.0 = Debug|Any CPU
		{FCAD64D5-7AA7-4D51-8C64-4DD0D947B054}.AppStore|x64.ActiveCfg = Debug|Any CPU
		{FCAD64D5-7AA7-4D51-8C64-4DD0D947B054}.AppStore|x64.Build.0 = Debug|Any CPU
		{FCAD64D5-7AA7-4D51-8C64-4DD0D947B054}.AppStore|x86.ActiveCfg = Debug|Any CPU
		{FCAD64D5-7AA7-4D51-8C64-4DD0D947B054}.AppStore|x86.Build.0 = Debug|Any CPU
		{FCAD64D5-7AA7-4D51-8C64-4DD0D947B054}.Debug|Any CPU.ActiveCfg = Debug|Any CPU
		{FCAD64D5-7AA7-4D51-8C64-4DD0D947B054}.Debug|Any CPU.Build.0 = Debug|Any CPU
		{FCAD64D5-7AA7-4D51-8C64-4DD0D947B054}.Debug|iPhone.ActiveCfg = Debug|Any CPU
		{FCAD64D5-7AA7-4D51-8C64-4DD0D947B054}.Debug|iPhone.Build.0 = Debug|Any CPU
		{FCAD64D5-7AA7-4D51-8C64-4DD0D947B054}.Debug|iPhoneSimulator.ActiveCfg = Debug|Any CPU
		{FCAD64D5-7AA7-4D51-8C64-4DD0D947B054}.Debug|iPhoneSimulator.Build.0 = Debug|Any CPU
		{FCAD64D5-7AA7-4D51-8C64-4DD0D947B054}.Debug|x64.ActiveCfg = Debug|Any CPU
		{FCAD64D5-7AA7-4D51-8C64-4DD0D947B054}.Debug|x64.Build.0 = Debug|Any CPU
		{FCAD64D5-7AA7-4D51-8C64-4DD0D947B054}.Debug|x86.ActiveCfg = Debug|Any CPU
		{FCAD64D5-7AA7-4D51-8C64-4DD0D947B054}.Debug|x86.Build.0 = Debug|Any CPU
		{FCAD64D5-7AA7-4D51-8C64-4DD0D947B054}.Release|Any CPU.ActiveCfg = Release|Any CPU
		{FCAD64D5-7AA7-4D51-8C64-4DD0D947B054}.Release|Any CPU.Build.0 = Release|Any CPU
		{FCAD64D5-7AA7-4D51-8C64-4DD0D947B054}.Release|iPhone.ActiveCfg = Release|Any CPU
		{FCAD64D5-7AA7-4D51-8C64-4DD0D947B054}.Release|iPhone.Build.0 = Release|Any CPU
		{FCAD64D5-7AA7-4D51-8C64-4DD0D947B054}.Release|iPhoneSimulator.ActiveCfg = Release|Any CPU
		{FCAD64D5-7AA7-4D51-8C64-4DD0D947B054}.Release|iPhoneSimulator.Build.0 = Release|Any CPU
		{FCAD64D5-7AA7-4D51-8C64-4DD0D947B054}.Release|x64.ActiveCfg = Release|Any CPU
		{FCAD64D5-7AA7-4D51-8C64-4DD0D947B054}.Release|x64.Build.0 = Release|Any CPU
		{FCAD64D5-7AA7-4D51-8C64-4DD0D947B054}.Release|x86.ActiveCfg = Release|Any CPU
		{FCAD64D5-7AA7-4D51-8C64-4DD0D947B054}.Release|x86.Build.0 = Release|Any CPU
	EndGlobalSection
	GlobalSection(SolutionProperties) = preSolution
		HideSolutionNode = FALSE
	EndGlobalSection
	GlobalSection(ExtensibilityGlobals) = postSolution
		SolutionGuid = {97FE0206-94F4-4719-B0EE-9469D0579FF5}
	EndGlobalSection
EndGlobal
